
Microsoft Visual Studio Solution File, Format Version 12.00
# Visual Studio 2013
VisualStudioVersion = 12.0.21005.1
MinimumVisualStudioVersion = 10.0.40219.1
Project("{FAE04EC0-301F-11D3-BF4B-00C04F79EFBC}") = "Operadores", "Operadores\Operadores.csproj", "{EE59369E-BA23-4877-BB00-BF6729FA3543}"
EndProject
Global
	GlobalSection(SolutionConfigurationPlatforms) = preSolution
		Debug|Any CPU = Debug|Any CPU
		Release|Any CPU = Release|Any CPU
	EndGlobalSection
	GlobalSection(ProjectConfigurationPlatforms) = postSolution
		{EE59369E-BA23-4877-BB00-BF6729FA3543}.Debug|Any CPU.ActiveCfg = Debug|Any CPU
		{EE59369E-BA23-4877-BB00-BF6729FA3543}.Debug|Any CPU.Build.0 = Debug|Any CPU
		{EE59369E-BA23-4877-BB00-BF6729FA3543}.Release|Any CPU.ActiveCfg = Release|Any CPU
		{EE59369E-BA23-4877-BB00-BF6729FA3543}.Release|Any CPU.Build.0 = Release|Any CPU
	EndGlobalSection
	GlobalSection(SolutionProperties) = preSolution
		HideSolutionNode = FALSE
	EndGlobalSection
EndGlobal
