
Microsoft Visual Studio Solution File, Format Version 12.00
# Visual Studio 2013
VisualStudioVersion = 12.0.21005.1
MinimumVisualStudioVersion = 10.0.40219.1
Project("{FAE04EC0-301F-11D3-BF4B-00C04F79EFBC}") = "VentanaLogin", "VentanaLogin\VentanaLogin.csproj", "{DB308956-A4BE-4F1A-9952-4A8B08BE0B77}"
EndProject
Global
	GlobalSection(SolutionConfigurationPlatforms) = preSolution
		Debug|Any CPU = Debug|Any CPU
		Release|Any CPU = Release|Any CPU
	EndGlobalSection
	GlobalSection(ProjectConfigurationPlatforms) = postSolution
		{DB308956-A4BE-4F1A-9952-4A8B08BE0B77}.Debug|Any CPU.ActiveCfg = Debug|Any CPU
		{DB308956-A4BE-4F1A-9952-4A8B08BE0B77}.Debug|Any CPU.Build.0 = Debug|Any CPU
		{DB308956-A4BE-4F1A-9952-4A8B08BE0B77}.Release|Any CPU.ActiveCfg = Release|Any CPU
		{DB308956-A4BE-4F1A-9952-4A8B08BE0B77}.Release|Any CPU.Build.0 = Release|Any CPU
	EndGlobalSection
	GlobalSection(SolutionProperties) = preSolution
		HideSolutionNode = FALSE
	EndGlobalSection
EndGlobal
