
Microsoft Visual Studio Solution File, Format Version 12.00
# Visual Studio 2013
VisualStudioVersion = 12.0.21005.1
MinimumVisualStudioVersion = 10.0.40219.1
Project("{FAE04EC0-301F-11D3-BF4B-00C04F79EFBC}") = "Pro01.MiPrimeraAplicacion", "Pro01.MiPrimeraAplicacion\Pro01.MiPrimeraAplicacion.csproj", "{4868D21E-63BC-4181-BA9F-BBA63722D6CC}"
EndProject
Global
	GlobalSection(SolutionConfigurationPlatforms) = preSolution
		Debug|Any CPU = Debug|Any CPU
		Release|Any CPU = Release|Any CPU
	EndGlobalSection
	GlobalSection(ProjectConfigurationPlatforms) = postSolution
		{4868D21E-63BC-4181-BA9F-BBA63722D6CC}.Debug|Any CPU.ActiveCfg = Debug|Any CPU
		{4868D21E-63BC-4181-BA9F-BBA63722D6CC}.Debug|Any CPU.Build.0 = Debug|Any CPU
		{4868D21E-63BC-4181-BA9F-BBA63722D6CC}.Release|Any CPU.ActiveCfg = Release|Any CPU
		{4868D21E-63BC-4181-BA9F-BBA63722D6CC}.Release|Any CPU.Build.0 = Release|Any CPU
	EndGlobalSection
	GlobalSection(SolutionProperties) = preSolution
		HideSolutionNode = FALSE
	EndGlobalSection
EndGlobal
