
Microsoft Visual Studio Solution File, Format Version 12.00
# Visual Studio 2013
VisualStudioVersion = 12.0.21005.1
MinimumVisualStudioVersion = 10.0.40219.1
Project("{FAE04EC0-301F-11D3-BF4B-00C04F79EFBC}") = "FactuxD", "FactuxD\FactuxD.csproj", "{34435074-4AE9-4391-8A5C-6A65E0D4A816}"
EndProject
Project("{FAE04EC0-301F-11D3-BF4B-00C04F79EFBC}") = "MiLibreria", "MiLibreria\MiLibreria.csproj", "{47857618-90B4-43D7-AC56-84538C335A4D}"
EndProject
Project("{6141683F-8A12-4E36-9623-2EB02B2C2303}") = "FactusXd-Setup", "FactusXd-Setup\FactusXd-Setup.isproj", "{26A74BFE-A0FE-4F4E-98A3-63EF12325947}"
	ProjectSection(ProjectDependencies) = postProject
		{47857618-90B4-43D7-AC56-84538C335A4D} = {47857618-90B4-43D7-AC56-84538C335A4D}
		{34435074-4AE9-4391-8A5C-6A65E0D4A816} = {34435074-4AE9-4391-8A5C-6A65E0D4A816}
	EndProjectSection
EndProject
Global
	GlobalSection(SolutionConfigurationPlatforms) = preSolution
		CD_ROM|Any CPU = CD_ROM|Any CPU
		Debug|Any CPU = Debug|Any CPU
		DVD-5|Any CPU = DVD-5|Any CPU
		Release|Any CPU = Release|Any CPU
		SingleImage|Any CPU = SingleImage|Any CPU
	EndGlobalSection
	GlobalSection(ProjectConfigurationPlatforms) = postSolution
		{34435074-4AE9-4391-8A5C-6A65E0D4A816}.CD_ROM|Any CPU.ActiveCfg = Release|Any CPU
		{34435074-4AE9-4391-8A5C-6A65E0D4A816}.CD_ROM|Any CPU.Build.0 = Release|Any CPU
		{34435074-4AE9-4391-8A5C-6A65E0D4A816}.Debug|Any CPU.ActiveCfg = Debug|Any CPU
		{34435074-4AE9-4391-8A5C-6A65E0D4A816}.Debug|Any CPU.Build.0 = Debug|Any CPU
		{34435074-4AE9-4391-8A5C-6A65E0D4A816}.DVD-5|Any CPU.ActiveCfg = Debug|Any CPU
		{34435074-4AE9-4391-8A5C-6A65E0D4A816}.DVD-5|Any CPU.Build.0 = Debug|Any CPU
		{34435074-4AE9-4391-8A5C-6A65E0D4A816}.Release|Any CPU.ActiveCfg = Release|Any CPU
		{34435074-4AE9-4391-8A5C-6A65E0D4A816}.Release|Any CPU.Build.0 = Release|Any CPU
		{34435074-4AE9-4391-8A5C-6A65E0D4A816}.SingleImage|Any CPU.ActiveCfg = Release|Any CPU
		{34435074-4AE9-4391-8A5C-6A65E0D4A816}.SingleImage|Any CPU.Build.0 = Release|Any CPU
		{47857618-90B4-43D7-AC56-84538C335A4D}.CD_ROM|Any CPU.ActiveCfg = Release|Any CPU
		{47857618-90B4-43D7-AC56-84538C335A4D}.CD_ROM|Any CPU.Build.0 = Release|Any CPU
		{47857618-90B4-43D7-AC56-84538C335A4D}.Debug|Any CPU.ActiveCfg = Debug|Any CPU
		{47857618-90B4-43D7-AC56-84538C335A4D}.Debug|Any CPU.Build.0 = Debug|Any CPU
		{47857618-90B4-43D7-AC56-84538C335A4D}.DVD-5|Any CPU.ActiveCfg = Debug|Any CPU
		{47857618-90B4-43D7-AC56-84538C335A4D}.DVD-5|Any CPU.Build.0 = Debug|Any CPU
		{47857618-90B4-43D7-AC56-84538C335A4D}.Release|Any CPU.ActiveCfg = Release|Any CPU
		{47857618-90B4-43D7-AC56-84538C335A4D}.Release|Any CPU.Build.0 = Release|Any CPU
		{47857618-90B4-43D7-AC56-84538C335A4D}.SingleImage|Any CPU.ActiveCfg = Release|Any CPU
		{47857618-90B4-43D7-AC56-84538C335A4D}.SingleImage|Any CPU.Build.0 = Release|Any CPU
		{26A74BFE-A0FE-4F4E-98A3-63EF12325947}.CD_ROM|Any CPU.ActiveCfg = CD_ROM
		{26A74BFE-A0FE-4F4E-98A3-63EF12325947}.CD_ROM|Any CPU.Build.0 = CD_ROM
		{26A74BFE-A0FE-4F4E-98A3-63EF12325947}.Debug|Any CPU.ActiveCfg = DVD-5
		{26A74BFE-A0FE-4F4E-98A3-63EF12325947}.Debug|Any CPU.Build.0 = DVD-5
		{26A74BFE-A0FE-4F4E-98A3-63EF12325947}.DVD-5|Any CPU.ActiveCfg = DVD-5
		{26A74BFE-A0FE-4F4E-98A3-63EF12325947}.DVD-5|Any CPU.Build.0 = DVD-5
		{26A74BFE-A0FE-4F4E-98A3-63EF12325947}.Release|Any CPU.ActiveCfg = SingleImage
		{26A74BFE-A0FE-4F4E-98A3-63EF12325947}.Release|Any CPU.Build.0 = SingleImage
		{26A74BFE-A0FE-4F4E-98A3-63EF12325947}.SingleImage|Any CPU.ActiveCfg = SingleImage
		{26A74BFE-A0FE-4F4E-98A3-63EF12325947}.SingleImage|Any CPU.Build.0 = SingleImage
	EndGlobalSection
	GlobalSection(SolutionProperties) = preSolution
		HideSolutionNode = FALSE
	EndGlobalSection
EndGlobal
